
Microsoft Visual Studio Solution File, Format Version 12.00
# Visual Studio 15
VisualStudioVersion = 15.0.26730.8
MinimumVisualStudioVersion = 10.0.40219.1
Project("{9A19103F-16F7-4668-BE54-9A1E7A4F7556}") = "CameraBazaar.Web", "CameraBazaar.Web\CameraBazaar.Web.csproj", "{C59A12CC-4063-41C1-A90D-7BF73224AF27}"
EndProject
Project("{9A19103F-16F7-4668-BE54-9A1E7A4F7556}") = "CameraBazaar.Data", "CameraBazar.Data\CameraBazaar.Data.csproj", "{59AF9E84-0E3A-41AE-ACCD-ED7AE8493639}"
EndProject
Project("{FAE04EC0-301F-11D3-BF4B-00C04F79EFBC}") = "CameraBazaar.Services", "CameraBazaar.Services\CameraBazaar.Services.csproj", "{1E4EA825-2209-4A5F-A803-8815CB871D06}"
EndProject
Global
	GlobalSection(SolutionConfigurationPlatforms) = preSolution
		Debug|Any CPU = Debug|Any CPU
		Release|Any CPU = Release|Any CPU
	EndGlobalSection
	GlobalSection(ProjectConfigurationPlatforms) = postSolution
		{C59A12CC-4063-41C1-A90D-7BF73224AF27}.Debug|Any CPU.ActiveCfg = Debug|Any CPU
		{C59A12CC-4063-41C1-A90D-7BF73224AF27}.Debug|Any CPU.Build.0 = Debug|Any CPU
		{C59A12CC-4063-41C1-A90D-7BF73224AF27}.Release|Any CPU.ActiveCfg = Release|Any CPU
		{C59A12CC-4063-41C1-A90D-7BF73224AF27}.Release|Any CPU.Build.0 = Release|Any CPU
		{59AF9E84-0E3A-41AE-ACCD-ED7AE8493639}.Debug|Any CPU.ActiveCfg = Debug|Any CPU
		{59AF9E84-0E3A-41AE-ACCD-ED7AE8493639}.Debug|Any CPU.Build.0 = Debug|Any CPU
		{59AF9E84-0E3A-41AE-ACCD-ED7AE8493639}.Release|Any CPU.ActiveCfg = Release|Any CPU
		{59AF9E84-0E3A-41AE-ACCD-ED7AE8493639}.Release|Any CPU.Build.0 = Release|Any CPU
		{1E4EA825-2209-4A5F-A803-8815CB871D06}.Debug|Any CPU.ActiveCfg = Debug|Any CPU
		{1E4EA825-2209-4A5F-A803-8815CB871D06}.Debug|Any CPU.Build.0 = Debug|Any CPU
		{1E4EA825-2209-4A5F-A803-8815CB871D06}.Release|Any CPU.ActiveCfg = Release|Any CPU
		{1E4EA825-2209-4A5F-A803-8815CB871D06}.Release|Any CPU.Build.0 = Release|Any CPU
	EndGlobalSection
	GlobalSection(SolutionProperties) = preSolution
		HideSolutionNode = FALSE
	EndGlobalSection
	GlobalSection(ExtensibilityGlobals) = postSolution
		SolutionGuid = {3E5CBBBC-F20A-4159-ADBA-2EF21D09E1DD}
	EndGlobalSection
EndGlobal
